
Microsoft Visual Studio Solution File, Format Version 12.00
# Visual Studio Version 17
VisualStudioVersion = 17.2.32616.157
MinimumVisualStudioVersion = 10.0.40219.1
Project("{FAE04EC0-301F-11D3-BF4B-00C04F79EFBC}") = "ImageComparriosn", "ImageComparriosn\ImageComparriosn.csproj", "{1A60F95E-4180-4ABD-8774-0F19460C1B96}"
EndProject
Global
	GlobalSection(SolutionConfigurationPlatforms) = preSolution
		Debug|Any CPU = Debug|Any CPU
		Release|Any CPU = Release|Any CPU
	EndGlobalSection
	GlobalSection(ProjectConfigurationPlatforms) = postSolution
		{1A60F95E-4180-4ABD-8774-0F19460C1B96}.Debug|Any CPU.ActiveCfg = Debug|Any CPU
		{1A60F95E-4180-4ABD-8774-0F19460C1B96}.Debug|Any CPU.Build.0 = Debug|Any CPU
		{1A60F95E-4180-4ABD-8774-0F19460C1B96}.Release|Any CPU.ActiveCfg = Release|Any CPU
		{1A60F95E-4180-4ABD-8774-0F19460C1B96}.Release|Any CPU.Build.0 = Release|Any CPU
	EndGlobalSection
	GlobalSection(SolutionProperties) = preSolution
		HideSolutionNode = FALSE
	EndGlobalSection
	GlobalSection(ExtensibilityGlobals) = postSolution
		SolutionGuid = {FD820F94-76EC-49B7-AF1A-21B717247FE4}
	EndGlobalSection
EndGlobal
